
Microsoft Visual Studio Solution File, Format Version 12.00
# Visual Studio Version 17
VisualStudioVersion = 17.3.32804.467
MinimumVisualStudioVersion = 10.0.40219.1
Project("{FAE04EC0-301F-11D3-BF4B-00C04F79EFBC}") = "EMSWEBAPI", "EMSWEBAPI\EMSWEBAPI.csproj", "{84174DDE-3460-4B2B-BB0C-B43908EDC286}"
	ProjectSection(ProjectDependencies) = postProject
		{04531A91-9079-40B7-B4B0-9271A438D27D} = {04531A91-9079-40B7-B4B0-9271A438D27D}
		{844E58E8-3DE1-47DB-AD50-35ACE19B3460} = {844E58E8-3DE1-47DB-AD50-35ACE19B3460}
	EndProjectSection
EndProject
Project("{FAE04EC0-301F-11D3-BF4B-00C04F79EFBC}") = "EMP_BAL", "..\EMP_DAL\EMP_BAL\EMP_BAL.csproj", "{04531A91-9079-40B7-B4B0-9271A438D27D}"
	ProjectSection(ProjectDependencies) = postProject
		{844E58E8-3DE1-47DB-AD50-35ACE19B3460} = {844E58E8-3DE1-47DB-AD50-35ACE19B3460}
	EndProjectSection
EndProject
Project("{FAE04EC0-301F-11D3-BF4B-00C04F79EFBC}") = "EMP_DAL", "..\EMP_DAL\EMP_DAL\EMP_DAL.csproj", "{844E58E8-3DE1-47DB-AD50-35ACE19B3460}"
EndProject
Global
	GlobalSection(SolutionConfigurationPlatforms) = preSolution
		Debug|Any CPU = Debug|Any CPU
		Release|Any CPU = Release|Any CPU
	EndGlobalSection
	GlobalSection(ProjectConfigurationPlatforms) = postSolution
		{84174DDE-3460-4B2B-BB0C-B43908EDC286}.Debug|Any CPU.ActiveCfg = Debug|Any CPU
		{84174DDE-3460-4B2B-BB0C-B43908EDC286}.Debug|Any CPU.Build.0 = Debug|Any CPU
		{84174DDE-3460-4B2B-BB0C-B43908EDC286}.Release|Any CPU.ActiveCfg = Release|Any CPU
		{84174DDE-3460-4B2B-BB0C-B43908EDC286}.Release|Any CPU.Build.0 = Release|Any CPU
		{04531A91-9079-40B7-B4B0-9271A438D27D}.Debug|Any CPU.ActiveCfg = Debug|Any CPU
		{04531A91-9079-40B7-B4B0-9271A438D27D}.Debug|Any CPU.Build.0 = Debug|Any CPU
		{04531A91-9079-40B7-B4B0-9271A438D27D}.Release|Any CPU.ActiveCfg = Release|Any CPU
		{04531A91-9079-40B7-B4B0-9271A438D27D}.Release|Any CPU.Build.0 = Release|Any CPU
		{844E58E8-3DE1-47DB-AD50-35ACE19B3460}.Debug|Any CPU.ActiveCfg = Debug|Any CPU
		{844E58E8-3DE1-47DB-AD50-35ACE19B3460}.Debug|Any CPU.Build.0 = Debug|Any CPU
		{844E58E8-3DE1-47DB-AD50-35ACE19B3460}.Release|Any CPU.ActiveCfg = Release|Any CPU
		{844E58E8-3DE1-47DB-AD50-35ACE19B3460}.Release|Any CPU.Build.0 = Release|Any CPU
	EndGlobalSection
	GlobalSection(SolutionProperties) = preSolution
		HideSolutionNode = FALSE
	EndGlobalSection
	GlobalSection(ExtensibilityGlobals) = postSolution
		SolutionGuid = {C207377F-FE2D-4D9D-85C1-4F3EC30D2308}
	EndGlobalSection
EndGlobal
